
Microsoft Visual Studio Solution File, Format Version 12.00
# Visual Studio Version 16
VisualStudioVersion = 16.0.30413.136
MinimumVisualStudioVersion = 10.0.40219.1
Project("{FAE04EC0-301F-11D3-BF4B-00C04F79EFBC}") = "AeroSales", "AeroSales\AeroSales.csproj", "{DE4B7799-C93B-45EC-9B1E-5F50A06568BA}"
EndProject
Global
	GlobalSection(SolutionConfigurationPlatforms) = preSolution
		Debug|Any CPU = Debug|Any CPU
		Release|Any CPU = Release|Any CPU
	EndGlobalSection
	GlobalSection(ProjectConfigurationPlatforms) = postSolution
		{DE4B7799-C93B-45EC-9B1E-5F50A06568BA}.Debug|Any CPU.ActiveCfg = Debug|Any CPU
		{DE4B7799-C93B-45EC-9B1E-5F50A06568BA}.Debug|Any CPU.Build.0 = Debug|Any CPU
		{DE4B7799-C93B-45EC-9B1E-5F50A06568BA}.Release|Any CPU.ActiveCfg = Release|Any CPU
		{DE4B7799-C93B-45EC-9B1E-5F50A06568BA}.Release|Any CPU.Build.0 = Release|Any CPU
	EndGlobalSection
	GlobalSection(SolutionProperties) = preSolution
		HideSolutionNode = FALSE
	EndGlobalSection
	GlobalSection(ExtensibilityGlobals) = postSolution
		SolutionGuid = {3497A65B-50D7-4F8C-8194-9B09B3FE48E1}
	EndGlobalSection
EndGlobal
